
Microsoft Visual Studio Solution File, Format Version 12.00
# Visual Studio Version 16
VisualStudioVersion = 16.0.30804.86
MinimumVisualStudioVersion = 10.0.40219.1
Project("{FAE04EC0-301F-11D3-BF4B-00C04F79EFBC}") = "Poc.FilterMiddleware.Api", "Poc.FilterMiddleware\Poc.FilterMiddleware.Api.csproj", "{C7E559F3-3136-421A-B3C8-0009139880AD}"
EndProject
Project("{FAE04EC0-301F-11D3-BF4B-00C04F79EFBC}") = "Poc.FilterMiddleware.Domain", "Poc.FilterMiddleware.Domain\Poc.FilterMiddleware.Domain.csproj", "{1D8599AC-E93D-4039-8F17-C91FAED5D07C}"
EndProject
Project("{FAE04EC0-301F-11D3-BF4B-00C04F79EFBC}") = "Poc.FilterMiddleware.Application", "Poc.FilterMiddleware.Application\Poc.FilterMiddleware.Application.csproj", "{8A4F7A2E-949B-4477-9D0C-CF2DD58691F4}"
EndProject
Global
	GlobalSection(SolutionConfigurationPlatforms) = preSolution
		Debug|Any CPU = Debug|Any CPU
		Release|Any CPU = Release|Any CPU
	EndGlobalSection
	GlobalSection(ProjectConfigurationPlatforms) = postSolution
		{C7E559F3-3136-421A-B3C8-0009139880AD}.Debug|Any CPU.ActiveCfg = Debug|Any CPU
		{C7E559F3-3136-421A-B3C8-0009139880AD}.Debug|Any CPU.Build.0 = Debug|Any CPU
		{C7E559F3-3136-421A-B3C8-0009139880AD}.Release|Any CPU.ActiveCfg = Release|Any CPU
		{C7E559F3-3136-421A-B3C8-0009139880AD}.Release|Any CPU.Build.0 = Release|Any CPU
		{1D8599AC-E93D-4039-8F17-C91FAED5D07C}.Debug|Any CPU.ActiveCfg = Debug|Any CPU
		{1D8599AC-E93D-4039-8F17-C91FAED5D07C}.Debug|Any CPU.Build.0 = Debug|Any CPU
		{1D8599AC-E93D-4039-8F17-C91FAED5D07C}.Release|Any CPU.ActiveCfg = Release|Any CPU
		{1D8599AC-E93D-4039-8F17-C91FAED5D07C}.Release|Any CPU.Build.0 = Release|Any CPU
		{8A4F7A2E-949B-4477-9D0C-CF2DD58691F4}.Debug|Any CPU.ActiveCfg = Debug|Any CPU
		{8A4F7A2E-949B-4477-9D0C-CF2DD58691F4}.Debug|Any CPU.Build.0 = Debug|Any CPU
		{8A4F7A2E-949B-4477-9D0C-CF2DD58691F4}.Release|Any CPU.ActiveCfg = Release|Any CPU
		{8A4F7A2E-949B-4477-9D0C-CF2DD58691F4}.Release|Any CPU.Build.0 = Release|Any CPU
	EndGlobalSection
	GlobalSection(SolutionProperties) = preSolution
		HideSolutionNode = FALSE
	EndGlobalSection
	GlobalSection(ExtensibilityGlobals) = postSolution
		SolutionGuid = {D96F426C-A2FB-43D4-B82B-50DC9F4DAA93}
	EndGlobalSection
EndGlobal
